# THIS IS AN AUTOGENERATED FILE. DO NOT EDIT THIS FILE DIRECTLY.
# yarn lockfile v1


"@jridgewell/sourcemap-codec@^1.5.0":
  version "1.5.4"
  resolved "https://registry.npmjs.org/@jridgewell/sourcemap-codec/-/sourcemap-codec-1.5.4.tgz"
  integrity sha512-VT2+G1VQs/9oz078bLrYbecdZKs912zQlkelYpuf+SXF+QvZDYJlbx/LSx+meSAwdDFnF8FVXW92AVjjkVmgFw==

"@rollup/plugin-commonjs@^25.0.0":
  version "25.0.8"
  resolved "https://registry.npmjs.org/@rollup/plugin-commonjs/-/plugin-commonjs-25.0.8.tgz"
  integrity sha512-ZEZWTK5n6Qde0to4vS9Mr5x/0UZoqCxPVR9KRUjU4kA2sO7GEUn1fop0DAwpO6z0Nw/kJON9bDmSxdWxO/TT1A==
  dependencies:
    "@rollup/pluginutils" "^5.0.1"
    commondir "^1.0.1"
    estree-walker "^2.0.2"
    glob "^8.0.3"
    is-reference "1.2.1"
    magic-string "^0.30.3"

"@rollup/plugin-node-resolve@^15.0.2":
  version "15.3.1"
  resolved "https://registry.npmjs.org/@rollup/plugin-node-resolve/-/plugin-node-resolve-15.3.1.tgz"
  integrity sha512-tgg6b91pAybXHJQMAAwW9VuWBO6Thi+q7BCNARLwSqlmsHz0XYURtGvh/AuwSADXSI4h/2uHbs7s4FzlZDGSGA==
  dependencies:
    "@rollup/pluginutils" "^5.0.1"
    "@types/resolve" "1.20.2"
    deepmerge "^4.2.2"
    is-module "^1.0.0"
    resolve "^1.22.1"

"@rollup/plugin-typescript@^11.0.0":
  version "11.1.6"
  resolved "https://registry.npmjs.org/@rollup/plugin-typescript/-/plugin-typescript-11.1.6.tgz"
  integrity sha512-R92yOmIACgYdJ7dJ97p4K69I8gg6IEHt8M7dUBxN3W6nrO8uUxX5ixl0yU/N3aZTi8WhPuICvOHXQvF6FaykAA==
  dependencies:
    "@rollup/pluginutils" "^5.1.0"
    resolve "^1.22.1"

"@rollup/pluginutils@5", "@rollup/pluginutils@^5.0.1", "@rollup/pluginutils@^5.1.0":
  version "5.2.0"
  resolved "https://registry.npmjs.org/@rollup/pluginutils/-/pluginutils-5.2.0.tgz"
  integrity sha512-qWJ2ZTbmumwiLFomfzTyt5Kng4hwPi9rwCYN4SHb6eaRU1KNO4ccxINHr/VhH4GgPlt1XfSTLX2LBTme8ne4Zw==
  dependencies:
    "@types/estree" "^1.0.0"
    estree-walker "^2.0.2"
    picomatch "^4.0.2"

"@rollup/rollup-android-arm-eabi@4.46.2":
  version "4.46.2"
  resolved "https://registry.yarnpkg.com/@rollup/rollup-android-arm-eabi/-/rollup-android-arm-eabi-4.46.2.tgz#292e25953d4988d3bd1af0f5ebbd5ee4d65c90b4"
  integrity sha512-Zj3Hl6sN34xJtMv7Anwb5Gu01yujyE/cLBDB2gnHTAHaWS1Z38L7kuSG+oAh0giZMqG060f/YBStXtMH6FvPMA==

"@rollup/rollup-android-arm64@4.46.2":
  version "4.46.2"
  resolved "https://registry.yarnpkg.com/@rollup/rollup-android-arm64/-/rollup-android-arm64-4.46.2.tgz#053b3def3451e6fc1a9078188f22799e868d7c59"
  integrity sha512-nTeCWY83kN64oQ5MGz3CgtPx8NSOhC5lWtsjTs+8JAJNLcP3QbLCtDDgUKQc/Ro/frpMq4SHUaHN6AMltcEoLQ==

"@rollup/rollup-darwin-arm64@4.46.2":
  version "4.46.2"
  resolved "https://registry.yarnpkg.com/@rollup/rollup-darwin-arm64/-/rollup-darwin-arm64-4.46.2.tgz#98d90445282dec54fd05440305a5e8df79a91ece"
  integrity sha512-HV7bW2Fb/F5KPdM/9bApunQh68YVDU8sO8BvcW9OngQVN3HHHkw99wFupuUJfGR9pYLLAjcAOA6iO+evsbBaPQ==

"@rollup/rollup-darwin-x64@4.46.2":
  version "4.46.2"
  resolved "https://registry.yarnpkg.com/@rollup/rollup-darwin-x64/-/rollup-darwin-x64-4.46.2.tgz#fe05f95a736423af5f9c3a59a70f41ece52a1f20"
  integrity sha512-SSj8TlYV5nJixSsm/y3QXfhspSiLYP11zpfwp6G/YDXctf3Xkdnk4woJIF5VQe0of2OjzTt8EsxnJDCdHd2xMA==

"@rollup/rollup-freebsd-arm64@4.46.2":
  version "4.46.2"
  resolved "https://registry.yarnpkg.com/@rollup/rollup-freebsd-arm64/-/rollup-freebsd-arm64-4.46.2.tgz#41e1fbdc1f8c3dc9afb6bc1d6e3fb3104bd81eee"
  integrity sha512-ZyrsG4TIT9xnOlLsSSi9w/X29tCbK1yegE49RYm3tu3wF1L/B6LVMqnEWyDB26d9Ecx9zrmXCiPmIabVuLmNSg==

"@rollup/rollup-freebsd-x64@4.46.2":
  version "4.46.2"
  resolved "https://registry.yarnpkg.com/@rollup/rollup-freebsd-x64/-/rollup-freebsd-x64-4.46.2.tgz#69131e69cb149d547abb65ef3b38fc746c940e24"
  integrity sha512-pCgHFoOECwVCJ5GFq8+gR8SBKnMO+xe5UEqbemxBpCKYQddRQMgomv1104RnLSg7nNvgKy05sLsY51+OVRyiVw==

"@rollup/rollup-linux-arm-gnueabihf@4.46.2":
  version "4.46.2"
  resolved "https://registry.yarnpkg.com/@rollup/rollup-linux-arm-gnueabihf/-/rollup-linux-arm-gnueabihf-4.46.2.tgz#977ded91c7cf6fc0d9443bb9c0a064e45a805267"
  integrity sha512-EtP8aquZ0xQg0ETFcxUbU71MZlHaw9MChwrQzatiE8U/bvi5uv/oChExXC4mWhjiqK7azGJBqU0tt5H123SzVA==

"@rollup/rollup-linux-arm-musleabihf@4.46.2":
  version "4.46.2"
  resolved "https://registry.yarnpkg.com/@rollup/rollup-linux-arm-musleabihf/-/rollup-linux-arm-musleabihf-4.46.2.tgz#dc034fc3c0f0eb5c75b6bc3eca3b0b97fd35f49a"
  integrity sha512-qO7F7U3u1nfxYRPM8HqFtLd+raev2K137dsV08q/LRKRLEc7RsiDWihUnrINdsWQxPR9jqZ8DIIZ1zJJAm5PjQ==

"@rollup/rollup-linux-arm64-gnu@4.46.2":
  version "4.46.2"
  resolved "https://registry.yarnpkg.com/@rollup/rollup-linux-arm64-gnu/-/rollup-linux-arm64-gnu-4.46.2.tgz#5e92613768d3de3ffcabc965627dd0a59b3e7dfc"
  integrity sha512-3dRaqLfcOXYsfvw5xMrxAk9Lb1f395gkoBYzSFcc/scgRFptRXL9DOaDpMiehf9CO8ZDRJW2z45b6fpU5nwjng==

"@rollup/rollup-linux-arm64-musl@4.46.2":
  version "4.46.2"
  resolved "https://registry.yarnpkg.com/@rollup/rollup-linux-arm64-musl/-/rollup-linux-arm64-musl-4.46.2.tgz#2a44f88e83d28b646591df6e50aa0a5a931833d8"
  integrity sha512-fhHFTutA7SM+IrR6lIfiHskxmpmPTJUXpWIsBXpeEwNgZzZZSg/q4i6FU4J8qOGyJ0TR+wXBwx/L7Ho9z0+uDg==

"@rollup/rollup-linux-loongarch64-gnu@4.46.2":
  version "4.46.2"
  resolved "https://registry.yarnpkg.com/@rollup/rollup-linux-loongarch64-gnu/-/rollup-linux-loongarch64-gnu-4.46.2.tgz#bd5897e92db7fbf7dc456f61d90fff96c4651f2e"
  integrity sha512-i7wfGFXu8x4+FRqPymzjD+Hyav8l95UIZ773j7J7zRYc3Xsxy2wIn4x+llpunexXe6laaO72iEjeeGyUFmjKeA==

"@rollup/rollup-linux-ppc64-gnu@4.46.2":
  version "4.46.2"
  resolved "https://registry.yarnpkg.com/@rollup/rollup-linux-ppc64-gnu/-/rollup-linux-ppc64-gnu-4.46.2.tgz#a7065025411c14ad9ec34cc1cd1414900ec2a303"
  integrity sha512-B/l0dFcHVUnqcGZWKcWBSV2PF01YUt0Rvlurci5P+neqY/yMKchGU8ullZvIv5e8Y1C6wOn+U03mrDylP5q9Yw==

"@rollup/rollup-linux-riscv64-gnu@4.46.2":
  version "4.46.2"
  resolved "https://registry.yarnpkg.com/@rollup/rollup-linux-riscv64-gnu/-/rollup-linux-riscv64-gnu-4.46.2.tgz#17f9c0c675e13ef4567cfaa3730752417257ccc3"
  integrity sha512-32k4ENb5ygtkMwPMucAb8MtV8olkPT03oiTxJbgkJa7lJ7dZMr0GCFJlyvy+K8iq7F/iuOr41ZdUHaOiqyR3iQ==

"@rollup/rollup-linux-riscv64-musl@4.46.2":
  version "4.46.2"
  resolved "https://registry.yarnpkg.com/@rollup/rollup-linux-riscv64-musl/-/rollup-linux-riscv64-musl-4.46.2.tgz#bc6ed3db2cedc1ba9c0a2183620fe2f792c3bf3f"
  integrity sha512-t5B2loThlFEauloaQkZg9gxV05BYeITLvLkWOkRXogP4qHXLkWSbSHKM9S6H1schf/0YGP/qNKtiISlxvfmmZw==

"@rollup/rollup-linux-s390x-gnu@4.46.2":
  version "4.46.2"
  resolved "https://registry.yarnpkg.com/@rollup/rollup-linux-s390x-gnu/-/rollup-linux-s390x-gnu-4.46.2.tgz#440c4f6753274e2928e06d2a25613e5a1cf97b41"
  integrity sha512-YKjekwTEKgbB7n17gmODSmJVUIvj8CX7q5442/CK80L8nqOUbMtf8b01QkG3jOqyr1rotrAnW6B/qiHwfcuWQA==

"@rollup/rollup-linux-x64-gnu@4.46.2":
  version "4.46.2"
  resolved "https://registry.yarnpkg.com/@rollup/rollup-linux-x64-gnu/-/rollup-linux-x64-gnu-4.46.2.tgz#1e936446f90b2574ea4a83b4842a762cc0a0aed3"
  integrity sha512-Jj5a9RUoe5ra+MEyERkDKLwTXVu6s3aACP51nkfnK9wJTraCC8IMe3snOfALkrjTYd2G1ViE1hICj0fZ7ALBPA==

"@rollup/rollup-linux-x64-musl@4.46.2":
  version "4.46.2"
  resolved "https://registry.yarnpkg.com/@rollup/rollup-linux-x64-musl/-/rollup-linux-x64-musl-4.46.2.tgz#c6f304dfba1d5faf2be5d8b153ccbd8b5d6f1166"
  integrity sha512-7kX69DIrBeD7yNp4A5b81izs8BqoZkCIaxQaOpumcJ1S/kmqNFjPhDu1LHeVXv0SexfHQv5cqHsxLOjETuqDuA==

"@rollup/rollup-win32-arm64-msvc@4.46.2":
  version "4.46.2"
  resolved "https://registry.yarnpkg.com/@rollup/rollup-win32-arm64-msvc/-/rollup-win32-arm64-msvc-4.46.2.tgz#b4ad4a79219892aac112ed1c9d1356cad0566ef5"
  integrity sha512-wiJWMIpeaak/jsbaq2HMh/rzZxHVW1rU6coyeNNpMwk5isiPjSTx0a4YLSlYDwBH/WBvLz+EtsNqQScZTLJy3g==

"@rollup/rollup-win32-ia32-msvc@4.46.2":
  version "4.46.2"
  resolved "https://registry.yarnpkg.com/@rollup/rollup-win32-ia32-msvc/-/rollup-win32-ia32-msvc-4.46.2.tgz#b1b22eb2a9568048961e4a6f540438b4a762aa62"
  integrity sha512-gBgaUDESVzMgWZhcyjfs9QFK16D8K6QZpwAaVNJxYDLHWayOta4ZMjGm/vsAEy3hvlS2GosVFlBlP9/Wb85DqQ==

"@rollup/rollup-win32-x64-msvc@4.46.2":
  version "4.46.2"
  resolved "https://registry.npmjs.org/@rollup/rollup-win32-x64-msvc/-/rollup-win32-x64-msvc-4.46.2.tgz"
  integrity sha512-CvUo2ixeIQGtF6WvuB87XWqPQkoFAFqW+HUo/WzHwuHDvIwZCtjdWXoYCcr06iKGydiqTclC4jU/TNObC/xKZg==

"@types/codemirror@5.60.8":
  version "5.60.8"
  resolved "https://registry.npmjs.org/@types/codemirror/-/codemirror-5.60.8.tgz"
  integrity sha512-VjFgDF/eB+Aklcy15TtOTLQeMjTo07k7KAjql8OK5Dirr7a6sJY4T1uVBDuTVG9VEmn1uUsohOpYnVfgC6/jyw==
  dependencies:
    "@types/tern" "*"

"@types/estree@*", "@types/estree@1.0.8", "@types/estree@^1.0.0":
  version "1.0.8"
  resolved "https://registry.npmjs.org/@types/estree/-/estree-1.0.8.tgz"
  integrity sha512-dWHzHa2WqEXI/O1E9OjrocMTKJl2mSrEolh1Iomrv6U+JuNwaHXsXx9bLu5gG7BUWFIN0skIQJQ/L1rIex4X6w==

"@types/node@^24.2.1":
  version "24.2.1"
  resolved "https://registry.yarnpkg.com/@types/node/-/node-24.2.1.tgz#83e41543f0a518e006594bb394e2cd961de56727"
  integrity sha512-DRh5K+ka5eJic8CjH7td8QpYEV6Zo10gfRkjHCO3weqZHWDtAaSTFtl4+VMqOJ4N5jcuhZ9/l+yy8rVgw7BQeQ==
  dependencies:
    undici-types "~7.10.0"

"@types/resolve@1.20.2":
  version "1.20.2"
  resolved "https://registry.npmjs.org/@types/resolve/-/resolve-1.20.2.tgz"
  integrity sha512-60BCwRFOZCQhDncwQdxxeOEEkbc5dIMccYLwbxsS4TUNeVECQ/pBJ0j09mrHOl/JJvpRPGwO9SvE4nR2Nb/a4Q==

"@types/tern@*":
  version "0.23.9"
  resolved "https://registry.npmjs.org/@types/tern/-/tern-0.23.9.tgz"
  integrity sha512-ypzHFE/wBzh+BlH6rrBgS5I/Z7RD21pGhZ2rltb/+ZrVM1awdZwjx7hE5XfuYgHWk9uvV5HLZN3SloevCAp3Bw==
  dependencies:
    "@types/estree" "*"

balanced-match@^1.0.0:
  version "1.0.2"
  resolved "https://registry.npmjs.org/balanced-match/-/balanced-match-1.0.2.tgz"
  integrity sha512-3oSeUO0TMV67hN1AmbXsK4yaqU7tjiHlbxRDZOpH0KW9+CeX4bRAaX0Anxt0tx2MrpRpWwQaPwIlISEJhYU5Pw==

brace-expansion@^2.0.1:
  version "2.0.2"
  resolved "https://registry.npmjs.org/brace-expansion/-/brace-expansion-2.0.2.tgz"
  integrity sha512-Jt0vHyM+jmUBqojB7E1NIYadt0vI0Qxjxd2TErW94wDz+E2LAm5vKMXXwg6ZZBTHPuUlDgQHKXvjGBdfcF1ZDQ==
  dependencies:
    balanced-match "^1.0.0"

commondir@^1.0.1:
  version "1.0.1"
  resolved "https://registry.npmjs.org/commondir/-/commondir-1.0.1.tgz"
  integrity sha512-W9pAhw0ja1Edb5GVdIF1mjZw/ASI0AlShXM83UUGe2DVr5TdAPEA1OA8m/g8zWp9x6On7gqufY+FatDbC3MDQg==

deepmerge@^4.2.2:
  version "4.3.1"
  resolved "https://registry.npmjs.org/deepmerge/-/deepmerge-4.3.1.tgz"
  integrity sha512-3sUqbMEc77XqpdNO7FRyRog+eW3ph+GYCbj+rK+uYyRMuwsVy0rMiVtPn+QJlKFvWP/1PYpapqYn0Me2knFn+A==

dotenv@^17.2.1:
  version "17.2.1"
  resolved "https://registry.npmjs.org/dotenv/-/dotenv-17.2.1.tgz"
  integrity sha512-kQhDYKZecqnM0fCnzI5eIv5L4cAe/iRI+HqMbO/hbRdTAeXDG+M9FjipUxNfbARuEg4iHIbhnhs78BCHNbSxEQ==

estree-walker@^2.0.2:
  version "2.0.2"
  resolved "https://registry.npmjs.org/estree-walker/-/estree-walker-2.0.2.tgz"
  integrity sha512-Rfkk/Mp/DL7JVje3u18FxFujQlTNR2q6QfMSMB7AvCBx91NGj/ba3kCfza0f6dVDbw7YlRf/nDrn7pQrCCyQ/w==

fs.realpath@^1.0.0:
  version "1.0.0"
  resolved "https://registry.npmjs.org/fs.realpath/-/fs.realpath-1.0.0.tgz"
  integrity sha512-OO0pH2lK6a0hZnAdau5ItzHPI6pUlvI7jMVnxUQRtw4owF2wk8lOSabtGDCTP4Ggrg2MbGnWO9X8K1t4+fGMDw==

fsevents@~2.3.2:
  version "2.3.3"
  resolved "https://registry.yarnpkg.com/fsevents/-/fsevents-2.3.3.tgz#cac6407785d03675a2a5e1a5305c697b347d90d6"
  integrity sha512-5xoDfX+fL7faATnagmWPpbFtwh/R77WmMMqqHGS65C3vvB0YHrgF+B1YmZ3441tMj5n63k0212XNoJwzlhffQw==

function-bind@^1.1.2:
  version "1.1.2"
  resolved "https://registry.npmjs.org/function-bind/-/function-bind-1.1.2.tgz"
  integrity sha512-7XHNxH7qX9xG5mIwxkhumTox/MIRNcOgDrxWsMt2pAr23WHp6MrRlN7FBSFpCpr+oVO0F744iUgR82nJMfG2SA==

glob@^8.0.3:
  version "8.1.0"
  resolved "https://registry.npmjs.org/glob/-/glob-8.1.0.tgz"
  integrity sha512-r8hpEjiQEYlF2QU0df3dS+nxxSIreXQS1qRhMJM0Q5NDdR386C7jb7Hwwod8Fgiuex+k0GFjgft18yvxm5XoCQ==
  dependencies:
    fs.realpath "^1.0.0"
    inflight "^1.0.4"
    inherits "2"
    minimatch "^5.0.1"
    once "^1.3.0"

hasown@^2.0.2:
  version "2.0.2"
  resolved "https://registry.npmjs.org/hasown/-/hasown-2.0.2.tgz"
  integrity sha512-0hJU9SCPvmMzIBdZFqNPXWa6dqh7WdH0cII9y+CyS8rG3nL48Bclra9HmKhVVUHyPWNH5Y7xDwAB7bfgSjkUMQ==
  dependencies:
    function-bind "^1.1.2"

inflight@^1.0.4:
  version "1.0.6"
  resolved "https://registry.npmjs.org/inflight/-/inflight-1.0.6.tgz"
  integrity sha512-k92I/b08q4wvFscXCLvqfsHCrjrF7yiXsQuIVvVE7N82W3+aqpzuUdBbfhWcy/FZR3/4IgflMgKLOsvPDrGCJA==
  dependencies:
    once "^1.3.0"
    wrappy "1"

inherits@2:
  version "2.0.4"
  resolved "https://registry.npmjs.org/inherits/-/inherits-2.0.4.tgz"
  integrity sha512-k/vGaX4/Yla3WzyMCvTQOXYeIHvqOKtnqBduzTHpzpQZzAskKMhZ2K+EnBiSM9zGSoIFeMpXKxa4dYeZIQqewQ==

is-core-module@^2.16.0:
  version "2.16.1"
  resolved "https://registry.npmjs.org/is-core-module/-/is-core-module-2.16.1.tgz"
  integrity sha512-UfoeMA6fIJ8wTYFEUjelnaGI67v6+N7qXJEvQuIGa99l4xsCruSYOVSQ0uPANn4dAzm8lkYPaKLrrijLq7x23w==
  dependencies:
    hasown "^2.0.2"

is-module@^1.0.0:
  version "1.0.0"
  resolved "https://registry.npmjs.org/is-module/-/is-module-1.0.0.tgz"
  integrity sha512-51ypPSPCoTEIN9dy5Oy+h4pShgJmPCygKfyRCISBI+JoWT/2oJvK8QPxmwv7b/p239jXrm9M1mlQbyKJ5A152g==

is-reference@1.2.1:
  version "1.2.1"
  resolved "https://registry.npmjs.org/is-reference/-/is-reference-1.2.1.tgz"
  integrity sha512-U82MsXXiFIrjCK4otLT+o2NA2Cd2g5MLoOVXUZjIOhLurrRxpEXzI8O0KZHr3IjLvlAH1kTPYSuqer5T9ZVBKQ==
  dependencies:
    "@types/estree" "*"

magic-string@^0.30.3:
  version "0.30.17"
  resolved "https://registry.npmjs.org/magic-string/-/magic-string-0.30.17.tgz"
  integrity sha512-sNPKHvyjVf7gyjwS4xGTaW/mCnF8wnjtifKBEhxfZ7E/S8tQ0rssrwGNn6q8JH/ohItJfSQp9mBtQYuTlH5QnA==
  dependencies:
    "@jridgewell/sourcemap-codec" "^1.5.0"

minimatch@^5.0.1:
  version "5.1.6"
  resolved "https://registry.npmjs.org/minimatch/-/minimatch-5.1.6.tgz"
  integrity sha512-lKwV/1brpG6mBUFHtb7NUmtABCb2WZZmm2wNiOA5hAb8VdCS4B3dtMWyvcoViccwAW/COERjXLt0zP1zXUN26g==
  dependencies:
    brace-expansion "^2.0.1"

moment@2.29.4:
  version "2.29.4"
  resolved "https://registry.npmjs.org/moment/-/moment-2.29.4.tgz"
  integrity sha512-5LC9SOxjSc2HF6vO2CyuTDNivEdoz2IvyJJGj6X8DJ0eFyfszE0QiEd+iXmBvUP3WHxSjFH/vIsA0EN00cgr8w==

obsidian@^1.8.7:
  version "1.8.7"
  resolved "https://registry.npmjs.org/obsidian/-/obsidian-1.8.7.tgz"
  integrity sha512-h4bWwNFAGRXlMlMAzdEiIM2ppTGlrh7uGOJS6w4gClrsjc+ei/3YAtU2VdFUlCiPuTHpY4aBpFJJW75S1Tl/JA==
  dependencies:
    "@types/codemirror" "5.60.8"
    moment "2.29.4"

once@^1.3.0:
  version "1.4.0"
  resolved "https://registry.npmjs.org/once/-/once-1.4.0.tgz"
  integrity sha512-lNaJgI+2Q5URQBkccEKHTQOPaXdUxnZZElQTZY0MFUAuaEqe1E+Nyvgdz/aIyNi6Z9MzO5dv1H8n58/GELp3+w==
  dependencies:
    wrappy "1"

path-parse@^1.0.7:
  version "1.0.7"
  resolved "https://registry.npmjs.org/path-parse/-/path-parse-1.0.7.tgz"
  integrity sha512-LDJzPVEEEPR+y48z93A0Ed0yXb8pAByGWo/k5YYdYgpY2/2EsOsksJrq7lOHxryrVOn1ejG6oAp8ahvOIQD8sw==

picomatch@^4.0.2:
  version "4.0.3"
  resolved "https://registry.npmjs.org/picomatch/-/picomatch-4.0.3.tgz"
  integrity sha512-5gTmgEY/sqK6gFXLIsQNH19lWb4ebPDLA4SdLP7dsWkIXHWlG66oPuVvXSGFPppYZz8ZDZq0dYYrbHfBCVUb1Q==

resolve@^1.22.1:
  version "1.22.10"
  resolved "https://registry.npmjs.org/resolve/-/resolve-1.22.10.tgz"
  integrity sha512-NPRy+/ncIMeDlTAsuqwKIiferiawhefFJtkNSW0qZJEqMEb+qBt/77B/jGeeek+F0uOeN05CDa6HXbbIgtVX4w==
  dependencies:
    is-core-module "^2.16.0"
    path-parse "^1.0.7"
    supports-preserve-symlinks-flag "^1.0.0"

rollup-plugin-css-only@^4.0.1:
  version "4.5.2"
  resolved "https://registry.npmjs.org/rollup-plugin-css-only/-/rollup-plugin-css-only-4.5.2.tgz"
  integrity sha512-7rj9+jB17Pz8LNcPgtMUb16JcgD8lxQMK9HcGfAVhMK3na/WXes3oGIo5QsrQQVqtgAU6q6KnQNXJrYunaUIQQ==
  dependencies:
    "@rollup/pluginutils" "5"

rollup@^4.0.2:
  version "4.46.2"
  resolved "https://registry.npmjs.org/rollup/-/rollup-4.46.2.tgz"
  integrity sha512-WMmLFI+Boh6xbop+OAGo9cQ3OgX9MIg7xOQjn+pTCwOkk+FNDAeAemXkJ3HzDJrVXleLOFVa1ipuc1AmEx1Dwg==
  dependencies:
    "@types/estree" "1.0.8"
  optionalDependencies:
    "@rollup/rollup-android-arm-eabi" "4.46.2"
    "@rollup/rollup-android-arm64" "4.46.2"
    "@rollup/rollup-darwin-arm64" "4.46.2"
    "@rollup/rollup-darwin-x64" "4.46.2"
    "@rollup/rollup-freebsd-arm64" "4.46.2"
    "@rollup/rollup-freebsd-x64" "4.46.2"
    "@rollup/rollup-linux-arm-gnueabihf" "4.46.2"
    "@rollup/rollup-linux-arm-musleabihf" "4.46.2"
    "@rollup/rollup-linux-arm64-gnu" "4.46.2"
    "@rollup/rollup-linux-arm64-musl" "4.46.2"
    "@rollup/rollup-linux-loongarch64-gnu" "4.46.2"
    "@rollup/rollup-linux-ppc64-gnu" "4.46.2"
    "@rollup/rollup-linux-riscv64-gnu" "4.46.2"
    "@rollup/rollup-linux-riscv64-musl" "4.46.2"
    "@rollup/rollup-linux-s390x-gnu" "4.46.2"
    "@rollup/rollup-linux-x64-gnu" "4.46.2"
    "@rollup/rollup-linux-x64-musl" "4.46.2"
    "@rollup/rollup-win32-arm64-msvc" "4.46.2"
    "@rollup/rollup-win32-ia32-msvc" "4.46.2"
    "@rollup/rollup-win32-x64-msvc" "4.46.2"
    fsevents "~2.3.2"

supports-preserve-symlinks-flag@^1.0.0:
  version "1.0.0"
  resolved "https://registry.npmjs.org/supports-preserve-symlinks-flag/-/supports-preserve-symlinks-flag-1.0.0.tgz"
  integrity sha512-ot0WnXS9fgdkgIcePe6RHNk1WA8+muPa6cSjeR3V8K27q9BB1rTE3R1p7Hv0z1ZyAc8s6Vvv8DIyWf681MAt0w==

tslib@^2.8.1:
  version "2.8.1"
  resolved "https://registry.npmjs.org/tslib/-/tslib-2.8.1.tgz"
  integrity sha512-oJFu94HQb+KVduSUQL7wnpmqnfmLsOA/nAh6b6EH0wCEoK0/mPeXU6c3wKDV83MkOuHPRHtSXKKU99IBazS/2w==

typescript@^5.3.3:
  version "5.8.3"
  resolved "https://registry.npmjs.org/typescript/-/typescript-5.8.3.tgz"
  integrity sha512-p1diW6TqL9L07nNxvRMM7hMMw4c5XOo/1ibL4aAIGmSAt9slTE1Xgw5KWuof2uTOvCg9BY7ZRi+GaF+7sfgPeQ==

undici-types@~7.10.0:
  version "7.10.0"
  resolved "https://registry.yarnpkg.com/undici-types/-/undici-types-7.10.0.tgz#4ac2e058ce56b462b056e629cc6a02393d3ff350"
  integrity sha512-t5Fy/nfn+14LuOc2KNYg75vZqClpAiqscVvMygNnlsHBFpSXdJaYtXMcdNLpl/Qvc3P2cB3s6lOV51nqsFq4ag==

wrappy@1:
  version "1.0.2"
  resolved "https://registry.npmjs.org/wrappy/-/wrappy-1.0.2.tgz"
  integrity sha512-l4Sp/DRseor9wL6EvV2+TuQn63dMkPjZ/sp9XkghTEbV9KlPS1xUsZ3u7/IQO4wxtcFB4bgpQPRcR3QCvezPcQ==
